
Microsoft Visual Studio Solution File, Format Version 12.00
# Visual Studio Version 16
VisualStudioVersion = 16.0.31424.327
MinimumVisualStudioVersion = 10.0.40219.1
Project("{FAE04EC0-301F-11D3-BF4B-00C04F79EFBC}") = "EvoComputerTechService", "EvoComputerTechService\EvoComputerTechService.csproj", "{D3E70F2D-5795-4EDB-9864-5C6ED0FA598B}"
EndProject
Global
	GlobalSection(SolutionConfigurationPlatforms) = preSolution
		Debug|Any CPU = Debug|Any CPU
		Release|Any CPU = Release|Any CPU
	EndGlobalSection
	GlobalSection(ProjectConfigurationPlatforms) = postSolution
		{D3E70F2D-5795-4EDB-9864-5C6ED0FA598B}.Debug|Any CPU.ActiveCfg = Debug|Any CPU
		{D3E70F2D-5795-4EDB-9864-5C6ED0FA598B}.Debug|Any CPU.Build.0 = Debug|Any CPU
		{D3E70F2D-5795-4EDB-9864-5C6ED0FA598B}.Release|Any CPU.ActiveCfg = Release|Any CPU
		{D3E70F2D-5795-4EDB-9864-5C6ED0FA598B}.Release|Any CPU.Build.0 = Release|Any CPU
	EndGlobalSection
	GlobalSection(SolutionProperties) = preSolution
		HideSolutionNode = FALSE
	EndGlobalSection
	GlobalSection(ExtensibilityGlobals) = postSolution
		SolutionGuid = {8B3BA485-FC88-4A5E-9AE7-9E45C1F9ADC8}
	EndGlobalSection
EndGlobal
